<?xml version="1.0" encoding="utf-8"?>
<Project ToolsVersion="4.0" xmlns="http://schemas.microsoft.com/developer/msbuild/2003">
  <ItemGroup>
    <Filter Include="Form Files">
      <UniqueIdentifier>{99349809-55BA-4b9d-BF79-8FDBB0286EB3}</UniqueIdentifier>
      <Extensions>ui</Extensions>
      <ParseFiles>false</ParseFiles>
    </Filter>
    <Filter Include="Form Files">
      <UniqueIdentifier>{99349809-55BA-4b9d-BF79-8FDBB0286EB3}</UniqueIdentifier>
      <Extensions>ui</Extensions>
      <ParseFiles>false</ParseFiles>
    </Filter>
    <Filter Include="Generated Files">
      <UniqueIdentifier>{71ED8ED8-ACB9-4CE9-BBE1-E00B30144E11}</UniqueIdentifier>
      <Extensions>cpp;c;cxx;moc;h;def;odl;idl;res;</Extensions>
    </Filter>
    <Filter Include="Generated Files">
      <UniqueIdentifier>{71ED8ED8-ACB9-4CE9-BBE1-E00B30144E11}</UniqueIdentifier>
      <Extensions>cpp;c;cxx;moc;h;def;odl;idl;res;</Extensions>
    </Filter>
    <Filter Include="Header Files">
      <UniqueIdentifier>{93995380-89BD-4b04-88EB-625FBE52EBFB}</UniqueIdentifier>
      <Extensions>h;hpp;hxx;hm;inl;inc;xsd</Extensions>
    </Filter>
    <Filter Include="Header Files">
      <UniqueIdentifier>{93995380-89BD-4b04-88EB-625FBE52EBFB}</UniqueIdentifier>
      <Extensions>h;hpp;hxx;hm;inl;inc;xsd</Extensions>
    </Filter>
    <Filter Include="Resource Files">
      <UniqueIdentifier>{D9D6E242-F8AF-46E4-B9FD-80ECBC20BA3E}</UniqueIdentifier>
      <Extensions>qrc;*</Extensions>
      <ParseFiles>false</ParseFiles>
    </Filter>
    <Filter Include="Resource Files">
      <UniqueIdentifier>{D9D6E242-F8AF-46E4-B9FD-80ECBC20BA3E}</UniqueIdentifier>
      <Extensions>qrc;*</Extensions>
      <ParseFiles>false</ParseFiles>
    </Filter>
    <Filter Include="Source Files">
      <UniqueIdentifier>{4FC737F1-C7A5-4376-A066-2A32D752A2FF}</UniqueIdentifier>
      <Extensions>cpp;c;cxx;def;odl;idl;hpj;bat;asm;asmx</Extensions>
    </Filter>
    <Filter Include="Source Files">
      <UniqueIdentifier>{4FC737F1-C7A5-4376-A066-2A32D752A2FF}</UniqueIdentifier>
      <Extensions>cpp;c;cxx;def;odl;idl;hpj;bat;asm;asmx</Extensions>
    </Filter>
    <Filter Include="Flex">
      <UniqueIdentifier>{E0D8C965-CC5F-43d7-AD63-FAEF0BBC0F85}-flex</UniqueIdentifier>
      <ParseFiles>false</ParseFiles>
    </Filter>
    <Filter Include="Bison">
      <UniqueIdentifier>{E0D8C965-CC5F-43d7-AD63-FAEF0BBC0F85}-bison</UniqueIdentifier>
      <ParseFiles>false</ParseFiles>
    </Filter>
    <Filter Include="bison_header">
      <UniqueIdentifier>{E0D8C965-CC5F-43d7-AD63-FAEF0BBC0F85}-bison_header</UniqueIdentifier>
      <ParseFiles>false</ParseFiles>
    </Filter>
    <Filter Include="bison_header">
      <UniqueIdentifier>{E0D8C965-CC5F-43d7-AD63-FAEF0BBC0F85}-bison_header</UniqueIdentifier>
      <ParseFiles>false</ParseFiles>
    </Filter>
  </ItemGroup>
  <ItemGroup>
    <ClCompile Include="src\AutoUpdater.cc">
      <Filter>Source Files</Filter>
    </ClCompile>
    <ClCompile Include="src\CGALCache.cc">
      <Filter>Source Files</Filter>
    </ClCompile>
    <ClCompile Include="src\CGALRenderer.cc">
      <Filter>Source Files</Filter>
    </ClCompile>
    <ClCompile Include="src\CGAL_Nef_polyhedron.cc">
      <Filter>Source Files</Filter>
    </ClCompile>
    <ClCompile Include="src\CSGTreeEvaluator.cc">
      <Filter>Source Files</Filter>
    </ClCompile>
    <ClCompile Include="src\CSGTreeNormalizer.cc">
      <Filter>Source Files</Filter>
    </ClCompile>
    <ClCompile Include="src\Camera.cc">
      <Filter>Source Files</Filter>
    </ClCompile>
    <ClCompile Include="src\Dock.cc">
      <Filter>Source Files</Filter>
    </ClCompile>
    <ClCompile Include="src\DrawingCallback.cc">
      <Filter>Source Files</Filter>
    </ClCompile>
    <ClCompile Include="src\FontCache.cc">
      <Filter>Source Files</Filter>
    </ClCompile>
    <ClCompile Include="src\FontListDialog.cc">
      <Filter>Source Files</Filter>
    </ClCompile>
    <ClCompile Include="src\FontListTableView.cc">
      <Filter>Source Files</Filter>
    </ClCompile>
    <ClCompile Include="src\FreetypeRenderer.cc">
      <Filter>Source Files</Filter>
    </ClCompile>
    <ClCompile Include="src\GLView.cc">
      <Filter>Source Files</Filter>
    </ClCompile>
    <ClCompile Include="src\Geometry.cc">
      <Filter>Source Files</Filter>
    </ClCompile>
    <ClCompile Include="src\GeometryCache.cc">
      <Filter>Source Files</Filter>
    </ClCompile>
    <ClCompile Include="src\GeometryEvaluator.cc">
      <Filter>Source Files</Filter>
    </ClCompile>
    <ClCompile Include="src\GeometryUtils.cc">
      <Filter>Source Files</Filter>
    </ClCompile>
    <ClCompile Include="src\LibraryInfo.cc">
      <Filter>Source Files</Filter>
    </ClCompile>
    <ClCompile Include="src\LibraryInfoDialog.cc">
      <Filter>Source Files</Filter>
    </ClCompile>
    <ClCompile Include="src\ModuleCache.cc">
      <Filter>Source Files</Filter>
    </ClCompile>
    <ClCompile Include="src\OffscreenContextWGL.cc">
      <Filter>Source Files</Filter>
    </ClCompile>
    <ClCompile Include="src\OffscreenView.cc">
      <Filter>Source Files</Filter>
    </ClCompile>
    <ClCompile Include="src\OpenCSGRenderer.cc">
      <Filter>Source Files</Filter>
    </ClCompile>
    <ClCompile Include="src\OpenCSGWarningDialog.cc">
      <Filter>Source Files</Filter>
    </ClCompile>
    <ClCompile Include="src\OpenSCADApp.cc">
      <Filter>Source Files</Filter>
    </ClCompile>
    <ClCompile Include="src\PlatformUtils-win.cc">
      <Filter>Source Files</Filter>
    </ClCompile>
    <ClCompile Include="src\PlatformUtils.cc">
      <Filter>Source Files</Filter>
    </ClCompile>
    <ClCompile Include="src\Polygon2d-CGAL.cc">
      <Filter>Source Files</Filter>
    </ClCompile>
    <ClCompile Include="src\Polygon2d.cc">
      <Filter>Source Files</Filter>
    </ClCompile>
    <ClCompile Include="src\Preferences.cc">
      <Filter>Source Files</Filter>
    </ClCompile>
    <ClCompile Include="src\ProgressWidget.cc">
      <Filter>Source Files</Filter>
    </ClCompile>
    <ClCompile Include="src\QGLView.cc">
      <Filter>Source Files</Filter>
    </ClCompile>
    <ClCompile Include="src\ThrownTogetherRenderer.cc">
      <Filter>Source Files</Filter>
    </ClCompile>
    <ClCompile Include="src\Tree.cc">
      <Filter>Source Files</Filter>
    </ClCompile>
    <ClCompile Include="src\UIUtils.cc">
      <Filter>Source Files</Filter>
    </ClCompile>
    <ClCompile Include="src\WindowManager.cc">
      <Filter>Source Files</Filter>
    </ClCompile>
    <ClCompile Include="src\boost-utils.cc">
      <Filter>Source Files</Filter>
    </ClCompile>
    <ClCompile Include="src\libtess2\Source\bucketalloc.c">
      <Filter>Source Files</Filter>
    </ClCompile>
    <ClCompile Include="src\builtin.cc">
      <Filter>Source Files</Filter>
    </ClCompile>
    <ClCompile Include="src\calc.cc">
      <Filter>Source Files</Filter>
    </ClCompile>
    <ClCompile Include="src\cgaladv.cc">
      <Filter>Source Files</Filter>
    </ClCompile>
    <ClCompile Include="src\cgalutils-applyops.cc">
      <Filter>Source Files</Filter>
    </ClCompile>
    <ClCompile Include="src\cgalutils-polyhedron.cc">
      <Filter>Source Files</Filter>
    </ClCompile>
    <ClCompile Include="src\cgalutils-project.cc">
      <Filter>Source Files</Filter>
    </ClCompile>
    <ClCompile Include="src\cgalutils-tess.cc">
      <Filter>Source Files</Filter>
    </ClCompile>
    <ClCompile Include="src\cgalutils.cc">
      <Filter>Source Files</Filter>
    </ClCompile>
    <ClCompile Include="src\cgalworker.cc">
      <Filter>Source Files</Filter>
    </ClCompile>
    <ClCompile Include="src\clipper-utils.cc">
      <Filter>Source Files</Filter>
    </ClCompile>
    <ClCompile Include="src\polyclipping\clipper.cpp">
      <Filter>Source Files</Filter>
    </ClCompile>
    <ClCompile Include="src\color.cc">
      <Filter>Source Files</Filter>
    </ClCompile>
    <ClCompile Include="src\colormap.cc">
      <Filter>Source Files</Filter>
    </ClCompile>
    <ClCompile Include="src\context.cc">
      <Filter>Source Files</Filter>
    </ClCompile>
    <ClCompile Include="src\control.cc">
      <Filter>Source Files</Filter>
    </ClCompile>
    <ClCompile Include="src\csgnode.cc">
      <Filter>Source Files</Filter>
    </ClCompile>
    <ClCompile Include="src\csgops.cc">
      <Filter>Source Files</Filter>
    </ClCompile>
    <ClCompile Include="src\libtess2\Source\dict.c">
      <Filter>Source Files</Filter>
    </ClCompile>
    <ClCompile Include="src\dxfdata.cc">
      <Filter>Source Files</Filter>
    </ClCompile>
    <ClCompile Include="src\dxfdim.cc">
      <Filter>Source Files</Filter>
    </ClCompile>
    <ClCompile Include="src\editor.cc">
      <Filter>Source Files</Filter>
    </ClCompile>
    <ClCompile Include="src\evalcontext.cc">
      <Filter>Source Files</Filter>
    </ClCompile>
    <ClCompile Include="src\export.cc">
      <Filter>Source Files</Filter>
    </ClCompile>
    <ClCompile Include="src\export_amf.cc">
      <Filter>Source Files</Filter>
    </ClCompile>
    <ClCompile Include="src\export_dxf.cc">
      <Filter>Source Files</Filter>
    </ClCompile>
    <ClCompile Include="src\export_nef.cc">
      <Filter>Source Files</Filter>
    </ClCompile>
    <ClCompile Include="src\export_off.cc">
      <Filter>Source Files</Filter>
    </ClCompile>
    <ClCompile Include="src\export_png.cc">
      <Filter>Source Files</Filter>
    </ClCompile>
    <ClCompile Include="src\export_stl.cc">
      <Filter>Source Files</Filter>
    </ClCompile>
    <ClCompile Include="src\export_svg.cc">
      <Filter>Source Files</Filter>
    </ClCompile>
    <ClCompile Include="src\expr.cc">
      <Filter>Source Files</Filter>
    </ClCompile>
    <ClCompile Include="src\fbo.cc">
      <Filter>Source Files</Filter>
    </ClCompile>
    <ClCompile Include="src\feature.cc">
      <Filter>Source Files</Filter>
    </ClCompile>
    <ClCompile Include="src\fileutils.cc">
      <Filter>Source Files</Filter>
    </ClCompile>
    <ClCompile Include="src\func.cc">
      <Filter>Source Files</Filter>
    </ClCompile>
    <ClCompile Include="src\libtess2\Source\geom.c">
      <Filter>Source Files</Filter>
    </ClCompile>
    <ClCompile Include="src\grid.cc">
      <Filter>Source Files</Filter>
    </ClCompile>
    <ClCompile Include="src\handle_dep.cc">
      <Filter>Source Files</Filter>
    </ClCompile>
    <ClCompile Include="src\hash.cc">
      <Filter>Source Files</Filter>
    </ClCompile>
    <ClCompile Include="src\highlighter.cc">
      <Filter>Source Files</Filter>
    </ClCompile>
    <ClCompile Include="src\imageutils-lodepng.cc">
      <Filter>Source Files</Filter>
    </ClCompile>
    <ClCompile Include="src\imageutils.cc">
      <Filter>Source Files</Filter>
    </ClCompile>
    <ClCompile Include="src\import.cc">
      <Filter>Source Files</Filter>
    </ClCompile>
    <ClCompile Include="src\launchingscreen.cc">
      <Filter>Source Files</Filter>
    </ClCompile>
    <ClCompile Include="src\legacyeditor.cc">
      <Filter>Source Files</Filter>
    </ClCompile>
    <ClCompile Include="src\linalg.cc">
      <Filter>Source Files</Filter>
    </ClCompile>
    <ClCompile Include="src\linearextrude.cc">
      <Filter>Source Files</Filter>
    </ClCompile>
    <ClCompile Include="src\localscope.cc">
      <Filter>Source Files</Filter>
    </ClCompile>
    <ClCompile Include="src\lodepng.cpp">
      <Filter>Source Files</Filter>
    </ClCompile>
    <ClCompile Include="src\mainwin.cc">
      <Filter>Source Files</Filter>
    </ClCompile>
    <ClCompile Include="src\libtess2\Source\mesh.c">
      <Filter>Source Files</Filter>
    </ClCompile>
    <ClCompile Include="src\modcontext.cc">
      <Filter>Source Files</Filter>
    </ClCompile>
    <ClCompile Include="src\module.cc">
      <Filter>Source Files</Filter>
    </ClCompile>
    <ClCompile Include="src\node.cc">
      <Filter>Source Files</Filter>
    </ClCompile>
    <ClCompile Include="src\nodedumper.cc">
      <Filter>Source Files</Filter>
    </ClCompile>
    <ClCompile Include="src\offset.cc">
      <Filter>Source Files</Filter>
    </ClCompile>
    <ClCompile Include="src\openscad.cc">
      <Filter>Source Files</Filter>
    </ClCompile>
    <ClCompile Include="src\parsersettings.cc">
      <Filter>Source Files</Filter>
    </ClCompile>
    <ClCompile Include="src\polyset-gl.cc">
      <Filter>Source Files</Filter>
    </ClCompile>
    <ClCompile Include="src\polyset-utils.cc">
      <Filter>Source Files</Filter>
    </ClCompile>
    <ClCompile Include="src\polyset.cc">
      <Filter>Source Files</Filter>
    </ClCompile>
    <ClCompile Include="src\primitives.cc">
      <Filter>Source Files</Filter>
    </ClCompile>
    <ClCompile Include="src\printutils.cc">
      <Filter>Source Files</Filter>
    </ClCompile>
    <ClCompile Include="src\libtess2\Source\priorityq.c">
      <Filter>Source Files</Filter>
    </ClCompile>
    <ClCompile Include="src\progress.cc">
      <Filter>Source Files</Filter>
    </ClCompile>
    <ClCompile Include="src\projection.cc">
      <Filter>Source Files</Filter>
    </ClCompile>
    <ClCompile Include="src\render.cc">
      <Filter>Source Files</Filter>
    </ClCompile>
    <ClCompile Include="src\renderer.cc">
      <Filter>Source Files</Filter>
    </ClCompile>
    <ClCompile Include="src\rendersettings.cc">
      <Filter>Source Files</Filter>
    </ClCompile>
    <ClCompile Include="src\rotateextrude.cc">
      <Filter>Source Files</Filter>
    </ClCompile>
    <ClCompile Include="src\scadlexer.cpp">
      <Filter>Source Files</Filter>
    </ClCompile>
    <ClCompile Include="src\scintillaeditor.cpp">
      <Filter>Source Files</Filter>
    </ClCompile>
    <ClCompile Include="src\settings.cc">
      <Filter>Source Files</Filter>
    </ClCompile>
    <ClCompile Include="src\stackcheck.cc">
      <Filter>Source Files</Filter>
    </ClCompile>
    <ClCompile Include="src\stl-utils.cc">
      <Filter>Source Files</Filter>
    </ClCompile>
    <ClCompile Include="src\surface.cc">
      <Filter>Source Files</Filter>
    </ClCompile>
    <ClCompile Include="src\svg.cc">
      <Filter>Source Files</Filter>
    </ClCompile>
    <ClCompile Include="src\libtess2\Source\sweep.c">
      <Filter>Source Files</Filter>
    </ClCompile>
    <ClCompile Include="src\system-gl.cc">
      <Filter>Source Files</Filter>
    </ClCompile>
    <ClCompile Include="src\libtess2\Source\tess.c">
      <Filter>Source Files</Filter>
    </ClCompile>
    <ClCompile Include="src\text.cc">
      <Filter>Source Files</Filter>
    </ClCompile>
    <ClCompile Include="src\transform.cc">
      <Filter>Source Files</Filter>
    </ClCompile>
    <ClCompile Include="src\traverser.cc">
      <Filter>Source Files</Filter>
    </ClCompile>
    <ClCompile Include="src\value.cc">
      <Filter>Source Files</Filter>
    </ClCompile>
    <ClCompile Include="src\version_check.cc">
      <Filter>Source Files</Filter>
    </ClCompile>
    <ClCompile Include="glib_stub.cpp">
      <Filter>Generated Files</Filter>
    </ClCompile>
    <ClCompile Include="src\openvr.cc">
      <Filter>Source Files</Filter>
    </ClCompile>
    <ClCompile Include="..\OpenVR\samples\shared\Matrices.cpp">
      <Filter>Generated Files</Filter>
    </ClCompile>
    <ClCompile Include="src\astrenderer.cc">
      <Filter>Source Files</Filter>
    </ClCompile>
  </ItemGroup>
  <ItemGroup>
    <CustomBuild Include="src\AboutDialog.h">
      <Filter>Header Files</Filter>
    </CustomBuild>
    <CustomBuild Include="src\AutoUpdater.h">
      <Filter>Header Files</Filter>
    </CustomBuild>
    <ClInclude Include="src\CGALCache.h">
      <Filter>Header Files</Filter>
    </ClInclude>
    <ClInclude Include="src\CGALRenderer.h">
      <Filter>Header Files</Filter>
    </ClInclude>
    <ClInclude Include="src\CGAL_Nef3_workaround.h">
      <Filter>Header Files</Filter>
    </ClInclude>
    <ClInclude Include="src\CGAL_Nef_polyhedron.h">
      <Filter>Header Files</Filter>
    </ClInclude>
    <ClInclude Include="src\CGAL_OGL_Polyhedron.h">
      <Filter>Header Files</Filter>
    </ClInclude>
    <ClInclude Include="src\CSGTreeEvaluator.h">
      <Filter>Header Files</Filter>
    </ClInclude>
    <ClInclude Include="src\CSGTreeNormalizer.h">
      <Filter>Header Files</Filter>
    </ClInclude>
    <ClInclude Include="src\Camera.h">
      <Filter>Header Files</Filter>
    </ClInclude>
    <ClInclude Include="src\CsgInfo.h">
      <Filter>Header Files</Filter>
    </ClInclude>
    <CustomBuild Include="src\Dock.h">
      <Filter>Header Files</Filter>
    </CustomBuild>
    <ClInclude Include="src\DrawingCallback.h">
      <Filter>Header Files</Filter>
    </ClInclude>
    <ClInclude Include="src\FontCache.h">
      <Filter>Header Files</Filter>
    </ClInclude>
    <CustomBuild Include="src\FontListDialog.h">
      <Filter>Header Files</Filter>
    </CustomBuild>
    <CustomBuild Include="src\FontListTableView.h">
      <Filter>Header Files</Filter>
    </CustomBuild>
    <ClInclude Include="src\FreetypeRenderer.h">
      <Filter>Header Files</Filter>
    </ClInclude>
    <ClInclude Include="src\GLView.h">
      <Filter>Header Files</Filter>
    </ClInclude>
    <ClInclude Include="src\Geometry.h">
      <Filter>Header Files</Filter>
    </ClInclude>
    <ClInclude Include="src\GeometryCache.h">
      <Filter>Header Files</Filter>
    </ClInclude>
    <ClInclude Include="src\GeometryEvaluator.h">
      <Filter>Header Files</Filter>
    </ClInclude>
    <ClInclude Include="src\GeometryUtils.h">
      <Filter>Header Files</Filter>
    </ClInclude>
    <ClInclude Include="src\LibraryInfo.h">
      <Filter>Header Files</Filter>
    </ClInclude>
    <CustomBuild Include="src\LibraryInfoDialog.h">
      <Filter>Header Files</Filter>
    </CustomBuild>
    <CustomBuild Include="src\MainWindow.h">
      <Filter>Header Files</Filter>
    </CustomBuild>
    <ClInclude Include="src\ModuleCache.h">
      <Filter>Header Files</Filter>
    </ClInclude>
    <ClInclude Include="src\OGL_helper.h">
      <Filter>Header Files</Filter>
    </ClInclude>
    <ClInclude Include="src\OffscreenContext.h">
      <Filter>Header Files</Filter>
    </ClInclude>
    <ClInclude Include="src\OffscreenContextAll.hpp">
      <Filter>Header Files</Filter>
    </ClInclude>
    <ClInclude Include="src\OffscreenView.h">
      <Filter>Header Files</Filter>
    </ClInclude>
    <ClInclude Include="src\OpenCSGRenderer.h">
      <Filter>Header Files</Filter>
    </ClInclude>
    <CustomBuild Include="src\OpenCSGWarningDialog.h">
      <Filter>Header Files</Filter>
    </CustomBuild>
    <CustomBuild Include="src\OpenSCADApp.h">
      <Filter>Header Files</Filter>
    </CustomBuild>
    <ClInclude Include="src\Polygon2d-CGAL.h">
      <Filter>Header Files</Filter>
    </ClInclude>
    <ClInclude Include="src\Polygon2d.h">
      <Filter>Header Files</Filter>
    </ClInclude>
    <CustomBuild Include="src\Preferences.h">
      <Filter>Header Files</Filter>
    </CustomBuild>
    <CustomBuild Include="src\ProgressWidget.h">
      <Filter>Header Files</Filter>
    </CustomBuild>
    <CustomBuild Include="src\QGLView.h">
      <Filter>Header Files</Filter>
    </CustomBuild>
    <ClInclude Include="src\Reindexer.h">
      <Filter>Header Files</Filter>
    </ClInclude>
    <ClInclude Include="src\ThrownTogetherRenderer.h">
      <Filter>Header Files</Filter>
    </ClInclude>
    <ClInclude Include="src\Tree.h">
      <Filter>Header Files</Filter>
    </ClInclude>
    <CustomBuild Include="src\WindowManager.h">
      <Filter>Header Files</Filter>
    </CustomBuild>
    <ClInclude Include="src\boost-utils.h">
      <Filter>Header Files</Filter>
    </ClInclude>
    <ClInclude Include="src\libtess2\Source\bucketalloc.h">
      <Filter>Header Files</Filter>
    </ClInclude>
    <ClInclude Include="src\builtin.h">
      <Filter>Header Files</Filter>
    </ClInclude>
    <ClInclude Include="src\calc.h">
      <Filter>Header Files</Filter>
    </ClInclude>
    <ClInclude Include="src\cgal.h">
      <Filter>Header Files</Filter>
    </ClInclude>
    <ClInclude Include="src\cgaladvnode.h">
      <Filter>Header Files</Filter>
    </ClInclude>
    <ClInclude Include="src\cgalfwd.h">
      <Filter>Header Files</Filter>
    </ClInclude>
    <ClInclude Include="src\cgalutils.h">
      <Filter>Header Files</Filter>
    </ClInclude>
    <CustomBuild Include="src\cgalworker.h">
      <Filter>Header Files</Filter>
    </CustomBuild>
    <ClInclude Include="src\clipper-utils.h">
      <Filter>Header Files</Filter>
    </ClInclude>
    <ClInclude Include="src\polyclipping\clipper.hpp">
      <Filter>Header Files</Filter>
    </ClInclude>
    <ClInclude Include="src\colormap.h">
      <Filter>Header Files</Filter>
    </ClInclude>
    <ClInclude Include="src\colornode.h">
      <Filter>Header Files</Filter>
    </ClInclude>
    <ClInclude Include="src\context.h">
      <Filter>Header Files</Filter>
    </ClInclude>
    <ClInclude Include="src\convex_hull_3_bugfix.h">
      <Filter>Header Files</Filter>
    </ClInclude>
    <ClInclude Include="src\csgnode.h">
      <Filter>Header Files</Filter>
    </ClInclude>
    <ClInclude Include="src\csgops.h">
      <Filter>Header Files</Filter>
    </ClInclude>
    <ClInclude Include="src\libtess2\Source\dict.h">
      <Filter>Header Files</Filter>
    </ClInclude>
    <ClInclude Include="src\dxfdata.h">
      <Filter>Header Files</Filter>
    </ClInclude>
    <ClInclude Include="src\dxfdim.h">
      <Filter>Header Files</Filter>
    </ClInclude>
    <CustomBuild Include="src\editor.h">
      <Filter>Header Files</Filter>
    </CustomBuild>
    <ClInclude Include="src\evalcontext.h">
      <Filter>Header Files</Filter>
    </ClInclude>
    <ClInclude Include="src\exceptions.h">
      <Filter>Header Files</Filter>
    </ClInclude>
    <ClInclude Include="src\export.h">
      <Filter>Header Files</Filter>
    </ClInclude>
    <ClInclude Include="src\expression.h">
      <Filter>Header Files</Filter>
    </ClInclude>
    <ClInclude Include="src\fbo.h">
      <Filter>Header Files</Filter>
    </ClInclude>
    <ClInclude Include="src\feature.h">
      <Filter>Header Files</Filter>
    </ClInclude>
    <ClInclude Include="src\fileutils.h">
      <Filter>Header Files</Filter>
    </ClInclude>
    <ClInclude Include="src\findversion.h">
      <Filter>Header Files</Filter>
    </ClInclude>
    <ClInclude Include="src\function.h">
      <Filter>Header Files</Filter>
    </ClInclude>
    <ClInclude Include="src\libtess2\Source\geom.h">
      <Filter>Header Files</Filter>
    </ClInclude>
    <ClInclude Include="src\grid.h">
      <Filter>Header Files</Filter>
    </ClInclude>
    <ClInclude Include="src\handle_dep.h">
      <Filter>Header Files</Filter>
    </ClInclude>
    <ClInclude Include="src\hash.h">
      <Filter>Header Files</Filter>
    </ClInclude>
    <CustomBuild Include="src\highlighter.h">
      <Filter>Header Files</Filter>
    </CustomBuild>
    <ClInclude Include="src\imageutils.h">
      <Filter>Header Files</Filter>
    </ClInclude>
    <ClInclude Include="src\importnode.h">
      <Filter>Header Files</Filter>
    </ClInclude>
    <CustomBuild Include="src\launchingscreen.h">
      <Filter>Header Files</Filter>
    </CustomBuild>
    <CustomBuild Include="src\legacyeditor.h">
      <Filter>Header Files</Filter>
    </CustomBuild>
    <ClInclude Include="src\linalg.h">
      <Filter>Header Files</Filter>
    </ClInclude>
    <ClInclude Include="src\linearextrudenode.h">
      <Filter>Header Files</Filter>
    </ClInclude>
    <ClInclude Include="src\localscope.h">
      <Filter>Header Files</Filter>
    </ClInclude>
    <ClInclude Include="src\lodepng.h">
      <Filter>Header Files</Filter>
    </ClInclude>
    <ClInclude Include="src\memory.h">
      <Filter>Header Files</Filter>
    </ClInclude>
    <ClInclude Include="src\libtess2\Source\mesh.h">
      <Filter>Header Files</Filter>
    </ClInclude>
    <ClInclude Include="src\modcontext.h">
      <Filter>Header Files</Filter>
    </ClInclude>
    <ClInclude Include="src\module.h">
      <Filter>Header Files</Filter>
    </ClInclude>
    <ClInclude Include="src\node.h">
      <Filter>Header Files</Filter>
    </ClInclude>
    <ClInclude Include="src\nodecache.h">
      <Filter>Header Files</Filter>
    </ClInclude>
    <ClInclude Include="src\nodedumper.h">
      <Filter>Header Files</Filter>
    </ClInclude>
    <ClInclude Include="src\offsetnode.h">
      <Filter>Header Files</Filter>
    </ClInclude>
    <ClInclude Include="src\openscad.h">
      <Filter>Header Files</Filter>
    </ClInclude>
    <ClInclude Include="src\parsersettings.h">
      <Filter>Header Files</Filter>
    </ClInclude>
    <ClInclude Include="src\polyset-utils.h">
      <Filter>Header Files</Filter>
    </ClInclude>
    <ClInclude Include="src\polyset.h">
      <Filter>Header Files</Filter>
    </ClInclude>
    <ClInclude Include="src\printutils.h">
      <Filter>Header Files</Filter>
    </ClInclude>
    <ClInclude Include="src\libtess2\Source\priorityq.h">
      <Filter>Header Files</Filter>
    </ClInclude>
    <ClInclude Include="src\progress.h">
      <Filter>Header Files</Filter>
    </ClInclude>
    <ClInclude Include="src\projectionnode.h">
      <Filter>Header Files</Filter>
    </ClInclude>
    <ClInclude Include="src\renderer.h">
      <Filter>Header Files</Filter>
    </ClInclude>
    <ClInclude Include="src\rendernode.h">
      <Filter>Header Files</Filter>
    </ClInclude>
    <ClInclude Include="src\rendersettings.h">
      <Filter>Header Files</Filter>
    </ClInclude>
    <ClInclude Include="src\rotateextrudenode.h">
      <Filter>Header Files</Filter>
    </ClInclude>
    <ClInclude Include="src\scadlexer.h">
      <Filter>Header Files</Filter>
    </ClInclude>
    <CustomBuild Include="src\scintillaeditor.h">
      <Filter>Header Files</Filter>
    </CustomBuild>
    <ClInclude Include="src\settings.h">
      <Filter>Header Files</Filter>
    </ClInclude>
    <ClInclude Include="src\stackcheck.h">
      <Filter>Header Files</Filter>
    </ClInclude>
    <ClInclude Include="src\state.h">
      <Filter>Header Files</Filter>
    </ClInclude>
    <ClInclude Include="src\stl-utils.h">
      <Filter>Header Files</Filter>
    </ClInclude>
    <ClInclude Include="src\svg.h">
      <Filter>Header Files</Filter>
    </ClInclude>
    <ClInclude Include="src\libtess2\Source\sweep.h">
      <Filter>Header Files</Filter>
    </ClInclude>
    <ClInclude Include="src\system-gl.h">
      <Filter>Header Files</Filter>
    </ClInclude>
    <ClInclude Include="src\libtess2\Source\tess.h">
      <Filter>Header Files</Filter>
    </ClInclude>
    <ClInclude Include="src\libtess2\Include\tesselator.h">
      <Filter>Header Files</Filter>
    </ClInclude>
    <ClInclude Include="src\textnode.h">
      <Filter>Header Files</Filter>
    </ClInclude>
    <ClInclude Include="src\transformnode.h">
      <Filter>Header Files</Filter>
    </ClInclude>
    <ClInclude Include="src\traverser.h">
      <Filter>Header Files</Filter>
    </ClInclude>
    <ClInclude Include="src\typedefs.h">
      <Filter>Header Files</Filter>
    </ClInclude>
    <ClInclude Include="src\value.h">
      <Filter>Header Files</Filter>
    </ClInclude>
    <ClInclude Include="src\version_check.h">
      <Filter>Header Files</Filter>
    </ClInclude>
    <ClInclude Include="src\visitor.h">
      <Filter>Header Files</Filter>
    </ClInclude>
  </ItemGroup>
  <ItemGroup>
    <ClCompile Include="c:\openscad\openscad\src\lexer.lexer.cpp">
      <Filter>Generated Files</Filter>
    </ClCompile>
    <ClCompile Include="objects\moc_AboutDialog.cpp">
      <Filter>Generated Files</Filter>
    </ClCompile>
    <ClCompile Include="objects\moc_AutoUpdater.cpp">
      <Filter>Generated Files</Filter>
    </ClCompile>
    <ClCompile Include="objects\moc_Dock.cpp">
      <Filter>Generated Files</Filter>
    </ClCompile>
    <ClCompile Include="objects\moc_FontListDialog.cpp">
      <Filter>Generated Files</Filter>
    </ClCompile>
    <ClCompile Include="objects\moc_FontListTableView.cpp">
      <Filter>Generated Files</Filter>
    </ClCompile>
    <ClCompile Include="objects\moc_LibraryInfoDialog.cpp">
      <Filter>Generated Files</Filter>
    </ClCompile>
    <ClCompile Include="objects\moc_MainWindow.cpp">
      <Filter>Generated Files</Filter>
    </ClCompile>
    <ClCompile Include="objects\moc_OpenCSGWarningDialog.cpp">
      <Filter>Generated Files</Filter>
    </ClCompile>
    <ClCompile Include="objects\moc_OpenSCADApp.cpp">
      <Filter>Generated Files</Filter>
    </ClCompile>
    <ClCompile Include="objects\moc_Preferences.cpp">
      <Filter>Generated Files</Filter>
    </ClCompile>
    <ClCompile Include="objects\moc_ProgressWidget.cpp">
      <Filter>Generated Files</Filter>
    </ClCompile>
    <ClCompile Include="objects\moc_QGLView.cpp">
      <Filter>Generated Files</Filter>
    </ClCompile>
    <ClCompile Include="objects\moc_WindowManager.cpp">
      <Filter>Generated Files</Filter>
    </ClCompile>
    <ClCompile Include="objects\moc_cgalworker.cpp">
      <Filter>Generated Files</Filter>
    </ClCompile>
    <ClCompile Include="objects\moc_editor.cpp">
      <Filter>Generated Files</Filter>
    </ClCompile>
    <ClCompile Include="objects\moc_highlighter.cpp">
      <Filter>Generated Files</Filter>
    </ClCompile>
    <ClCompile Include="objects\moc_launchingscreen.cpp">
      <Filter>Generated Files</Filter>
    </ClCompile>
    <ClCompile Include="objects\moc_legacyeditor.cpp">
      <Filter>Generated Files</Filter>
    </ClCompile>
    <ClCompile Include="objects\moc_scintillaeditor.cpp">
      <Filter>Generated Files</Filter>
    </ClCompile>
    <ClCompile Include="c:\openscad\opesncad\src\parser_yacc.cpp">
      <Filter>Generated Files</Filter>
    </ClCompile>
    <ClCompile Include="objects\qrc_openscad.cpp">
      <Filter>Generated Files</Filter>
    </ClCompile>
    <ClInclude Include="objects\ui_AboutDialog.h">
      <Filter>Generated Files</Filter>
    </ClInclude>
    <ClInclude Include="objects\ui_FontListDialog.h">
      <Filter>Generated Files</Filter>
    </ClInclude>
    <ClInclude Include="objects\ui_LibraryInfoDialog.h">
      <Filter>Generated Files</Filter>
    </ClInclude>
    <ClInclude Include="objects\ui_MainWindow.h">
      <Filter>Generated Files</Filter>
    </ClInclude>
    <ClInclude Include="objects\ui_OpenCSGWarningDialog.h">
      <Filter>Generated Files</Filter>
    </ClInclude>
    <ClInclude Include="objects\ui_Preferences.h">
      <Filter>Generated Files</Filter>
    </ClInclude>
    <ClInclude Include="objects\ui_ProgressWidget.h">
      <Filter>Generated Files</Filter>
    </ClInclude>
    <ClInclude Include="objects\ui_launchingscreen.h">
      <Filter>Generated Files</Filter>
    </ClInclude>
  </ItemGroup>
  <ItemGroup>
    <CustomBuild Include="src\AboutDialog.ui">
      <Filter>Form Files</Filter>
    </CustomBuild>
    <CustomBuild Include="src\FontListDialog.ui">
      <Filter>Form Files</Filter>
    </CustomBuild>
    <CustomBuild Include="src\LibraryInfoDialog.ui">
      <Filter>Form Files</Filter>
    </CustomBuild>
    <CustomBuild Include="src\MainWindow.ui">
      <Filter>Form Files</Filter>
    </CustomBuild>
    <CustomBuild Include="src\OpenCSGWarningDialog.ui">
      <Filter>Form Files</Filter>
    </CustomBuild>
    <CustomBuild Include="src\Preferences.ui">
      <Filter>Form Files</Filter>
    </CustomBuild>
    <CustomBuild Include="src\ProgressWidget.ui">
      <Filter>Form Files</Filter>
    </CustomBuild>
    <CustomBuild Include="src\launchingscreen.ui">
      <Filter>Form Files</Filter>
    </CustomBuild>
  </ItemGroup>
  <ItemGroup>
    <None Include="(copy).png">
      <Filter>Resource Files</Filter>
    </None>
    <None Include="images\AMF-white.png">
      <Filter>Resource Files</Filter>
    </None>
    <None Include="images\AMF.png">
      <Filter>Resource Files</Filter>
    </None>
    <None Include="src\AboutDialog.html">
      <Filter>Resource Files</Filter>
    </None>
    <None Include="images\CSG-white.png">
      <Filter>Resource Files</Filter>
    </None>
    <None Include="images\CSG.png">
      <Filter>Resource Files</Filter>
    </None>
    <None Include="images\Command-Redo-32-white.png">
      <Filter>Resource Files</Filter>
    </None>
    <None Include="images\Command-Redo-32.png">
      <Filter>Resource Files</Filter>
    </None>
    <None Include="images\Command-Reset-32-white.png">
      <Filter>Resource Files</Filter>
    </None>
    <None Include="images\Command-Reset-32.png">
      <Filter>Resource Files</Filter>
    </None>
    <None Include="images\Command-Undo-32-white.png">
      <Filter>Resource Files</Filter>
    </None>
    <None Include="images\Command-Undo-32.png">
      <Filter>Resource Files</Filter>
    </None>
    <None Include="images\DXF-white.png">
      <Filter>Resource Files</Filter>
    </None>
    <None Include="images\DXF.png">
      <Filter>Resource Files</Filter>
    </None>
    <None Include="images\Decrease-Indent-32-white.png">
      <Filter>Resource Files</Filter>
    </None>
    <None Include="images\Decrease-Indent-32.png">
      <Filter>Resource Files</Filter>
    </None>
    <None Include="images\Document-New-128.png">
      <Filter>Resource Files</Filter>
    </None>
    <None Include="images\Increase-Indent-32-white.png">
      <Filter>Resource Files</Filter>
    </None>
    <None Include="images\Increase-Indent-32.png">
      <Filter>Resource Files</Filter>
    </None>
    <None Include="images\OFF-white.png">
      <Filter>Resource Files</Filter>
    </None>
    <None Include="images\OFF.png">
      <Filter>Resource Files</Filter>
    </None>
    <None Include="images\Open-128.png">
      <Filter>Resource Files</Filter>
    </None>
    <None Include="images\Open-32.png">
      <Filter>Resource Files</Filter>
    </None>
    <None Include="images\PNG-white.png">
      <Filter>Resource Files</Filter>
    </None>
    <None Include="images\PNG.png">
      <Filter>Resource Files</Filter>
    </None>
    <None Include="images\Rotation-32.png">
      <Filter>Resource Files</Filter>
    </None>
    <None Include="images\STL-white.png">
      <Filter>Resource Files</Filter>
    </None>
    <None Include="images\STL.png">
      <Filter>Resource Files</Filter>
    </None>
    <None Include="images\SVG-white.png">
      <Filter>Resource Files</Filter>
    </None>
    <None Include="images\SVG.png">
      <Filter>Resource Files</Filter>
    </None>
    <None Include="images\Save-128.png">
      <Filter>Resource Files</Filter>
    </None>
    <None Include="images\Save-32.png">
      <Filter>Resource Files</Filter>
    </None>
    <None Include="images\Shape-Cube-32.png">
      <Filter>Resource Files</Filter>
    </None>
    <None Include="images\Zoom-In-32.png">
      <Filter>Resource Files</Filter>
    </None>
    <None Include="images\Zoom-Out-32.png">
      <Filter>Resource Files</Filter>
    </None>
    <None Include="images\animate.png">
      <Filter>Resource Files</Filter>
    </None>
    <None Include="images\axes.png">
      <Filter>Resource Files</Filter>
    </None>
    <None Include="images\back.png">
      <Filter>Resource Files</Filter>
    </None>
    <None Include="icons\background-welcome-screen.svg">
      <Filter>Resource Files</Filter>
    </None>
    <None Include="icons\background.png">
      <Filter>Resource Files</Filter>
    </None>
    <None Include="images\blackNew.png">
      <Filter>Resource Files</Filter>
    </None>
    <None Include="images\blackUp.png">
      <Filter>Resource Files</Filter>
    </None>
    <None Include="images\blackaxes.png">
      <Filter>Resource Files</Filter>
    </None>
    <None Include="images\blackback.png">
      <Filter>Resource Files</Filter>
    </None>
    <None Include="images\blackbottom.png">
      <Filter>Resource Files</Filter>
    </None>
    <None Include="images\blackfront.png">
      <Filter>Resource Files</Filter>
    </None>
    <None Include="images\blackleft">
      <Filter>Resource Files</Filter>
    </None>
    <None Include="images\bottom.png">
      <Filter>Resource Files</Filter>
    </None>
    <None Include="icons\button.png">
      <Filter>Resource Files</Filter>
    </None>
    <None Include="icons\close.png">
      <Filter>Resource Files</Filter>
    </None>
    <None Include="images\cross.png">
      <Filter>Resource Files</Filter>
    </None>
    <None Include="images\crosswhite.png">
      <Filter>Resource Files</Filter>
    </None>
    <None Include="images\export-white.png">
      <Filter>Resource Files</Filter>
    </None>
    <None Include="images\export.png">
      <Filter>Resource Files</Filter>
    </None>
    <None Include="images\front.png">
      <Filter>Resource Files</Filter>
    </None>
    <None Include="images\grid.png">
      <Filter>Resource Files</Filter>
    </None>
    <None Include="icons\information-icons-error.png">
      <Filter>Resource Files</Filter>
    </None>
    <None Include="icons\information-icons-info.png">
      <Filter>Resource Files</Filter>
    </None>
    <None Include="icons\information-icons-question.png">
      <Filter>Resource Files</Filter>
    </None>
    <None Include="icons\information-icons-warning.png">
      <Filter>Resource Files</Filter>
    </None>
    <None Include="images\left.png">
      <Filter>Resource Files</Filter>
    </None>
    <None Include="icons\openscad-nightly.png">
      <Filter>Resource Files</Filter>
    </None>
    <None Include="icons\openscad.png">
      <Filter>Resource Files</Filter>
    </None>
    <None Include="images\openscad.png">
      <Filter>Resource Files</Filter>
    </None>
    <CustomBuild Include="openscad.qrc">
      <Filter>Resource Files</Filter>
    </CustomBuild>
    <None Include="images\orthogonal.png">
      <Filter>Resource Files</Filter>
    </None>
    <None Include="images\orthogonalwhite.png">
      <Filter>Resource Files</Filter>
    </None>
    <None Include="images\perspective1.png">
      <Filter>Resource Files</Filter>
    </None>
    <None Include="images\perspective1white.png">
      <Filter>Resource Files</Filter>
    </None>
    <None Include="icons\prefs3DView.png">
      <Filter>Resource Files</Filter>
    </None>
    <None Include="icons\prefsAdvanced.png">
      <Filter>Resource Files</Filter>
    </None>
    <None Include="icons\prefsEditor.png">
      <Filter>Resource Files</Filter>
    </None>
    <None Include="icons\prefsFeatures.png">
      <Filter>Resource Files</Filter>
    </None>
    <None Include="icons\prefsUpdate.png">
      <Filter>Resource Files</Filter>
    </None>
    <None Include="images\preview-32-white.png">
      <Filter>Resource Files</Filter>
    </None>
    <None Include="images\preview-32.png">
      <Filter>Resource Files</Filter>
    </None>
    <None Include="images\render-32-white.png">
      <Filter>Resource Files</Filter>
    </None>
    <None Include="images\render-32.png">
      <Filter>Resource Files</Filter>
    </None>
    <None Include="images\right.png">
      <Filter>Resource Files</Filter>
    </None>
    <None Include="images\rightright.png">
      <Filter>Resource Files</Filter>
    </None>
    <None Include="images\scalemarkers-white.png">
      <Filter>Resource Files</Filter>
    </None>
    <None Include="images\scalemarkers.png">
      <Filter>Resource Files</Filter>
    </None>
    <None Include="icons\stopbutton.png">
      <Filter>Resource Files</Filter>
    </None>
    <None Include="images\surface.png">
      <Filter>Resource Files</Filter>
    </None>
    <None Include="images\surfaceWhite.png">
      <Filter>Resource Files</Filter>
    </None>
    <None Include="images\up.png">
      <Filter>Resource Files</Filter>
    </None>
    <None Include="images\wireframe1.png">
      <Filter>Resource Files</Filter>
    </None>
    <None Include="images\wireframeWhite.png">
      <Filter>Resource Files</Filter>
    </None>
    <None Include="images\zoom-all-white.png">
      <Filter>Resource Files</Filter>
    </None>
    <None Include="images\zoom-all.png">
      <Filter>Resource Files</Filter>
    </None>
    <None Include="images\zoom-text-in-white.png">
      <Filter>Resource Files</Filter>
    </None>
    <None Include="images\zoom-text-in.png">
      <Filter>Resource Files</Filter>
    </None>
    <None Include="images\zoom-text-out-white.png">
      <Filter>Resource Files</Filter>
    </None>
    <None Include="images\zoom-text-out.png">
      <Filter>Resource Files</Filter>
    </None>
    <None Include="images\zoomin.png">
      <Filter>Resource Files</Filter>
    </None>
    <None Include="images\zoomout.png">
      <Filter>Resource Files</Filter>
    </None>
  </ItemGroup>
  <ItemGroup>
    <CustomBuild Include="c:\openscad\opesncad\src\parser.y">
      <Filter>bison_header</Filter>
    </CustomBuild>
  </ItemGroup>
  <ItemGroup>
    <ResourceCompile Include="openscad_win32.rc" />
  </ItemGroup>
  <ItemGroup>
    <ClInclude Include="src\openvr.h">
      <Filter>Header Files</Filter>
    </ClInclude>
    <ClInclude Include="..\OpenVR\samples\shared\Matrices.h">
      <Filter>Generated Files</Filter>
    </ClInclude>
    <ClInclude Include="src\astrenderer.h">
      <Filter>Header Files</Filter>
    </ClInclude>
  </ItemGroup>
</Project>